// !$*UTF8*$!
{
	archiveVersion = 1;
	classes = {
	};
	objectVersion = 56;
	objects = {

/* Begin PBXBuildFile section */
		6F39D8EB299F8C81002E3AE1 /* madnessApp.swift in Sources */ = {isa = PBXBuildFile; fileRef = 6F39D8EA299F8C81002E3AE1 /* madnessApp.swift */; };
		6F39D8ED299F8C81002E3AE1 /* ContentView.swift in Sources */ = {isa = PBXBuildFile; fileRef = 6F39D8EC299F8C81002E3AE1 /* ContentView.swift */; };
		6F39D8EF299F8C83002E3AE1 /* Assets.xcassets in Resources */ = {isa = PBXBuildFile; fileRef = 6F39D8EE299F8C83002E3AE1 /* Assets.xcassets */; };
		6F39D8F2299F8C83002E3AE1 /* Preview Assets.xcassets in Resources */ = {isa = PBXBuildFile; fileRef = 6F39D8F1299F8C83002E3AE1 /* Preview Assets.xcassets */; };
		6F39D8FC299F8C83002E3AE1 /* madnessTests.swift in Sources */ = {isa = PBXBuildFile; fileRef = 6F39D8FB299F8C83002E3AE1 /* madnessTests.swift */; };
		6F39D906299F8C83002E3AE1 /* madnessUITests.swift in Sources */ = {isa = PBXBuildFile; fileRef = 6F39D905299F8C83002E3AE1 /* madnessUITests.swift */; };
		6F39D908299F8C83002E3AE1 /* madnessUITestsLaunchTests.swift in Sources */ = {isa = PBXBuildFile; fileRef = 6F39D907299F8C83002E3AE1 /* madnessUITestsLaunchTests.swift */; };
/* End PBXBuildFile section */

/* Begin PBXContainerItemProxy section */
		6F39D8F8299F8C83002E3AE1 /* PBXContainerItemProxy */ = {
			isa = PBXContainerItemProxy;
			containerPortal = 6F39D8DF299F8C81002E3AE1 /* Project object */;
			proxyType = 1;
			remoteGlobalIDString = 6F39D8E6299F8C81002E3AE1;
			remoteInfo = madness;
		};
		6F39D902299F8C83002E3AE1 /* PBXContainerItemProxy */ = {
			isa = PBXContainerItemProxy;
			containerPortal = 6F39D8DF299F8C81002E3AE1 /* Project object */;
			proxyType = 1;
			remoteGlobalIDString = 6F39D8E6299F8C81002E3AE1;
			remoteInfo = madness;
		};
/* End PBXContainerItemProxy section */

/* Begin PBXFileReference section */
		6F39D8E7299F8C81002E3AE1 /* madness.app */ = {isa = PBXFileReference; explicitFileType = wrapper.application; includeInIndex = 0; path = madness.app; sourceTree = BUILT_PRODUCTS_DIR; };
		6F39D8EA299F8C81002E3AE1 /* madnessApp.swift */ = {isa = PBXFileReference; lastKnownFileType = sourcecode.swift; path = madnessApp.swift; sourceTree = "<group>"; };
		6F39D8EC299F8C81002E3AE1 /* ContentView.swift */ = {isa = PBXFileReference; lastKnownFileType = sourcecode.swift; path = ContentView.swift; sourceTree = "<group>"; };
		6F39D8EE299F8C83002E3AE1 /* Assets.xcassets */ = {isa = PBXFileReference; lastKnownFileType = folder.assetcatalog; path = Assets.xcassets; sourceTree = "<group>"; };
		6F39D8F1299F8C83002E3AE1 /* Preview Assets.xcassets */ = {isa = PBXFileReference; lastKnownFileType = folder.assetcatalog; path = "Preview Assets.xcassets"; sourceTree = "<group>"; };
		6F39D8F7299F8C83002E3AE1 /* madnessTests.xctest */ = {isa = PBXFileReference; explicitFileType = wrapper.cfbundle; includeInIndex = 0; path = madnessTests.xctest; sourceTree = BUILT_PRODUCTS_DIR; };
		6F39D8FB299F8C83002E3AE1 /* madnessTests.swift */ = {isa = PBXFileReference; lastKnownFileType = sourcecode.swift; path = madnessTests.swift; sourceTree = "<group>"; };
		6F39D901299F8C83002E3AE1 /* madnessUITests.xctest */ = {isa = PBXFileReference; explicitFileType = wrapper.cfbundle; includeInIndex = 0; path = madnessUITests.xctest; sourceTree = BUILT_PRODUCTS_DIR; };
		6F39D905299F8C83002E3AE1 /* madnessUITests.swift */ = {isa = PBXFileReference; lastKnownFileType = sourcecode.swift; path = madnessUITests.swift; sourceTree = "<group>"; };
		6F39D907299F8C83002E3AE1 /* madnessUITestsLaunchTests.swift */ = {isa = PBXFileReference; lastKnownFileType = sourcecode.swift; path = madnessUITestsLaunchTests.swift; sourceTree = "<group>"; };
/* End PBXFileReference section */

/* Begin PBXFrameworksBuildPhase section */
		6F39D8E4299F8C81002E3AE1 /* Frameworks */ = {
			isa = PBXFrameworksBuildPhase;
			buildActionMask = 2147483647;
			files = (
			);
			runOnlyForDeploymentPostprocessing = 0;
		};
		6F39D8F4299F8C83002E3AE1 /* Frameworks */ = {
			isa = PBXFrameworksBuildPhase;
			buildActionMask = 2147483647;
			files = (
			);
			runOnlyForDeploymentPostprocessing = 0;
		};
		6F39D8FE299F8C83002E3AE1 /* Frameworks */ = {
			isa = PBXFrameworksBuildPhase;
			buildActionMask = 2147483647;
			files = (
			);
			runOnlyForDeploymentPostprocessing = 0;
		};
/* End PBXFrameworksBuildPhase section */

/* Begin PBXGroup section */
		6F39D8DE299F8C81002E3AE1 = {
			isa = PBXGroup;
			children = (
				6F39D8E9299F8C81002E3AE1 /* madness */,
				6F39D8FA299F8C83002E3AE1 /* madnessTests */,
				6F39D904299F8C83002E3AE1 /* madnessUITests */,
				6F39D8E8299F8C81002E3AE1 /* Products */,
			);
			sourceTree = "<group>";
		};
		6F39D8E8299F8C81002E3AE1 /* Products */ = {
			isa = PBXGroup;
			children = (
				6F39D8E7299F8C81002E3AE1 /* madness.app */,
				6F39D8F7299F8C83002E3AE1 /* madnessTests.xctest */,
				6F39D901299F8C83002E3AE1 /* madnessUITests.xctest */,
			);
			name = Products;
			sourceTree = "<group>";
		};
		6F39D8E9299F8C81002E3AE1 /* madness */ = {
			isa = PBXGroup;
			children = (
				6F39D8EA299F8C81002E3AE1 /* madnessApp.swift */,
				6F39D8EC299F8C81002E3AE1 /* ContentView.swift */,
				6F39D8EE299F8C83002E3AE1 /* Assets.xcassets */,
				6F39D8F0299F8C83002E3AE1 /* Preview Content */,
			);
			path = madness;
			sourceTree = "<group>";
		};
		6F39D8F0299F8C83002E3AE1 /* Preview Content */ = {
			isa = PBXGroup;
			children = (
				6F39D8F1299F8C83002E3AE1 /* Preview Assets.xcassets */,
			);
			path = "Preview Content";
			sourceTree = "<group>";
		};
		6F39D8FA299F8C83002E3AE1 /* madnessTests */ = {
			isa = PBXGroup;
			children = (
				6F39D8FB299F8C83002E3AE1 /* madnessTests.swift */,
			);
			path = madnessTests;
			sourceTree = "<group>";
		};
		6F39D904299F8C83002E3AE1 /* madnessUITests */ = {
			isa = PBXGroup;
			children = (
				6F39D905299F8C83002E3AE1 /* madnessUITests.swift */,
				6F39D907299F8C83002E3AE1 /* madnessUITestsLaunchTests.swift */,
			);
			path = madnessUITests;
			sourceTree = "<group>";
		};
/* End PBXGroup section */

/* Begin PBXNativeTarget section */
		6F39D8E6299F8C81002E3AE1 /* madness */ = {
			isa = PBXNativeTarget;
			buildConfigurationList = 6F39D90B299F8C83002E3AE1 /* Build configuration list for PBXNativeTarget "madness" */;
			buildPhases = (
				6F39D8E3299F8C81002E3AE1 /* Sources */,
				6F39D8E4299F8C81002E3AE1 /* Frameworks */,
				6F39D8E5299F8C81002E3AE1 /* Resources */,
			);
			buildRules = (
			);
			dependencies = (
			);
			name = madness;
			productName = madness;
			productReference = 6F39D8E7299F8C81002E3AE1 /* madness.app */;
			productType = "com.apple.product-type.application";
		};
		6F39D8F6299F8C83002E3AE1 /* madnessTests */ = {
			isa = PBXNativeTarget;
			buildConfigurationList = 6F39D90E299F8C83002E3AE1 /* Build configuration list for PBXNativeTarget "madnessTests" */;
			buildPhases = (
				6F39D8F3299F8C83002E3AE1 /* Sources */,
				6F39D8F4299F8C83002E3AE1 /* Frameworks */,
				6F39D8F5299F8C83002E3AE1 /* Resources */,
			);
			buildRules = (
			);
			dependencies = (
				6F39D8F9299F8C83002E3AE1 /* PBXTargetDependency */,
			);
			name = madnessTests;
			productName = madnessTests;
			productReference = 6F39D8F7299F8C83002E3AE1 /* madnessTests.xctest */;
			productType = "com.apple.product-type.bundle.unit-test";
		};
		6F39D900299F8C83002E3AE1 /* madnessUITests */ = {
			isa = PBXNativeTarget;
			buildConfigurationList = 6F39D911299F8C83002E3AE1 /* Build configuration list for PBXNativeTarget "madnessUITests" */;
			buildPhases = (
				6F39D8FD299F8C83002E3AE1 /* Sources */,
				6F39D8FE299F8C83002E3AE1 /* Frameworks */,
				6F39D8FF299F8C83002E3AE1 /* Resources */,
			);
			buildRules = (
			);
			dependencies = (
				6F39D903299F8C83002E3AE1 /* PBXTargetDependency */,
			);
			name = madnessUITests;
			productName = madnessUITests;
			productReference = 6F39D901299F8C83002E3AE1 /* madnessUITests.xctest */;
			productType = "com.apple.product-type.bundle.ui-testing";
		};
/* End PBXNativeTarget section */

/* Begin PBXProject section */
		6F39D8DF299F8C81002E3AE1 /* Project object */ = {
			isa = PBXProject;
			attributes = {
				BuildIndependentTargetsInParallel = 1;
				LastSwiftUpdateCheck = 1420;
				LastUpgradeCheck = 1420;
				TargetAttributes = {
					6F39D8E6299F8C81002E3AE1 = {
						CreatedOnToolsVersion = 14.2;
					};
					6F39D8F6299F8C83002E3AE1 = {
						CreatedOnToolsVersion = 14.2;
						TestTargetID = 6F39D8E6299F8C81002E3AE1;
					};
					6F39D900299F8C83002E3AE1 = {
						CreatedOnToolsVersion = 14.2;
						TestTargetID = 6F39D8E6299F8C81002E3AE1;
					};
				};
			};
			buildConfigurationList = 6F39D8E2299F8C81002E3AE1 /* Build configuration list for PBXProject "madness" */;
			compatibilityVersion = "Xcode 14.0";
			developmentRegion = en;
			hasScannedForEncodings = 0;
			knownRegions = (
				en,
				Base,
			);
			mainGroup = 6F39D8DE299F8C81002E3AE1;
			productRefGroup = 6F39D8E8299F8C81002E3AE1 /* Products */;
			projectDirPath = "";
			projectRoot = "";
			targets = (
				6F39D8E6299F8C81002E3AE1 /* madness */,
				6F39D8F6299F8C83002E3AE1 /* madnessTests */,
				6F39D900299F8C83002E3AE1 /* madnessUITests */,
			);
		};
/* End PBXProject section */

/* Begin PBXResourcesBuildPhase section */
		6F39D8E5299F8C81002E3AE1 /* Resources */ = {
			isa = PBXResourcesBuildPhase;
			buildActionMask = 2147483647;
			files = (
				6F39D8F2299F8C83002E3AE1 /* Preview Assets.xcassets in Resources */,
				6F39D8EF299F8C83002E3AE1 /* Assets.xcassets in Resources */,
			);
			runOnlyForDeploymentPostprocessing = 0;
		};
		6F39D8F5299F8C83002E3AE1 /* Resources */ = {
			isa = PBXResourcesBuildPhase;
			buildActionMask = 2147483647;
			files = (
			);
			runOnlyForDeploymentPostprocessing = 0;
		};
		6F39D8FF299F8C83002E3AE1 /* Resources */ = {
			isa = PBXResourcesBuildPhase;
			buildActionMask = 2147483647;
			files = (
			);
			runOnlyForDeploymentPostprocessing = 0;
		};
/* End PBXResourcesBuildPhase section */

/* Begin PBXSourcesBuildPhase section */
		6F39D8E3299F8C81002E3AE1 /* Sources */ = {
			isa = PBXSourcesBuildPhase;
			buildActionMask = 2147483647;
			files = (
				6F39D8ED299F8C81002E3AE1 /* ContentView.swift in Sources */,
				6F39D8EB299F8C81002E3AE1 /* madnessApp.swift in Sources */,
			);
			runOnlyForDeploymentPostprocessing = 0;
		};
		6F39D8F3299F8C83002E3AE1 /* Sources */ = {
			isa = PBXSourcesBuildPhase;
			buildActionMask = 2147483647;
			files = (
				6F39D8FC299F8C83002E3AE1 /* madnessTests.swift in Sources */,
			);
			runOnlyForDeploymentPostprocessing = 0;
		};
		6F39D8FD299F8C83002E3AE1 /* Sources */ = {
			isa = PBXSourcesBuildPhase;
			buildActionMask = 2147483647;
			files = (
				6F39D908299F8C83002E3AE1 /* madnessUITestsLaunchTests.swift in Sources */,
				6F39D906299F8C83002E3AE1 /* madnessUITests.swift in Sources */,
			);
			runOnlyForDeploymentPostprocessing = 0;
		};
/* End PBXSourcesBuildPhase section */

/* Begin PBXTargetDependency section */
		6F39D8F9299F8C83002E3AE1 /* PBXTargetDependency */ = {
			isa = PBXTargetDependency;
			target = 6F39D8E6299F8C81002E3AE1 /* madness */;
			targetProxy = 6F39D8F8299F8C83002E3AE1 /* PBXContainerItemProxy */;
		};
		6F39D903299F8C83002E3AE1 /* PBXTargetDependency */ = {
			isa = PBXTargetDependency;
			target = 6F39D8E6299F8C81002E3AE1 /* madness */;
			targetProxy = 6F39D902299F8C83002E3AE1 /* PBXContainerItemProxy */;
		};
/* End PBXTargetDependency section */

/* Begin XCBuildConfiguration section */
		6F39D909299F8C83002E3AE1 /* Debug */ = {
			isa = XCBuildConfiguration;
			buildSettings = {
				ALWAYS_SEARCH_USER_PATHS = NO;
				CLANG_ANALYZER_NONNULL = YES;
				CLANG_ANALYZER_NUMBER_OBJECT_CONVERSION = YES_AGGRESSIVE;
				CLANG_CXX_LANGUAGE_STANDARD = "gnu++20";
				CLANG_ENABLE_MODULES = YES;
				CLANG_ENABLE_OBJC_ARC = YES;
				CLANG_ENABLE_OBJC_WEAK = YES;
				CLANG_WARN_BLOCK_CAPTURE_AUTORELEASING = YES;
				CLANG_WARN_BOOL_CONVERSION = YES;
				CLANG_WARN_COMMA = YES;
				CLANG_WARN_CONSTANT_CONVERSION = YES;
				CLANG_WARN_DEPRECATED_OBJC_IMPLEMENTATIONS = YES;
				CLANG_WARN_DIRECT_OBJC_ISA_USAGE = YES_ERROR;
				CLANG_WARN_DOCUMENTATION_COMMENTS = YES;
				CLANG_WARN_EMPTY_BODY = YES;
				CLANG_WARN_ENUM_CONVERSION = YES;
				CLANG_WARN_INFINITE_RECURSION = YES;
				CLANG_WARN_INT_CONVERSION = YES;
				CLANG_WARN_NON_LITERAL_NULL_CONVERSION = YES;
				CLANG_WARN_OBJC_IMPLICIT_RETAIN_SELF = YES;
				CLANG_WARN_OBJC_LITERAL_CONVERSION = YES;
				CLANG_WARN_OBJC_ROOT_CLASS = YES_ERROR;
				CLANG_WARN_QUOTED_INCLUDE_IN_FRAMEWORK_HEADER = YES;
				CLANG_WARN_RANGE_LOOP_ANALYSIS = YES;
				CLANG_WARN_STRICT_PROTOTYPES = YES;
				CLANG_WARN_SUSPICIOUS_MOVE = YES;
				CLANG_WARN_UNGUARDED_AVAILABILITY = YES_AGGRESSIVE;
				CLANG_WARN_UNREACHABLE_CODE = YES;
				CLANG_WARN__DUPLICATE_METHOD_MATCH = YES;
				COPY_PHASE_STRIP = NO;
				DEBUG_INFORMATION_FORMAT = dwarf;
				ENABLE_STRICT_OBJC_MSGSEND = YES;
				ENABLE_TESTABILITY = YES;
				GCC_C_LANGUAGE_STANDARD = gnu11;
				GCC_DYNAMIC_NO_PIC = NO;
				GCC_NO_COMMON_BLOCKS = YES;
				GCC_OPTIMIZATION_LEVEL = 0;
				GCC_PREPROCESSOR_DEFINITIONS = (
					"DEBUG=1",
					"$(inherited)",
				);
				GCC_WARN_64_TO_32_BIT_CONVERSION = YES;
				GCC_WARN_ABOUT_RETURN_TYPE = YES_ERROR;
				GCC_WARN_UNDECLARED_SELECTOR = YES;
				GCC_WARN_UNINITIALIZED_AUTOS = YES_AGGRESSIVE;
				GCC_WARN_UNUSED_FUNCTION = YES;
				GCC_WARN_UNUSED_VARIABLE = YES;
				IPHONEOS_DEPLOYMENT_TARGET = 16.2;
				MTL_ENABLE_DEBUG_INFO = INCLUDE_SOURCE;
				MTL_FAST_MATH = YES;
				ONLY_ACTIVE_ARCH = YES;
				SDKROOT = iphoneos;
				SWIFT_ACTIVE_COMPILATION_CONDITIONS = DEBUG;
				SWIFT_OPTIMIZATION_LEVEL = "-Onone";
			};
			name = Debug;
		};
		6F39D90A299F8C83002E3AE1 /* Release */ = {
			isa = XCBuildConfiguration;
			buildSettings = {
				ALWAYS_SEARCH_USER_PATHS = NO;
				CLANG_ANALYZER_NONNULL = YES;
				CLANG_ANALYZER_NUMBER_OBJECT_CONVERSION = YES_AGGRESSIVE;
				CLANG_CXX_LANGUAGE_STANDARD = "gnu++20";
				CLANG_ENABLE_MODULES = YES;
				CLANG_ENABLE_OBJC_ARC = YES;
				CLANG_ENABLE_OBJC_WEAK = YES;
				CLANG_WARN_BLOCK_CAPTURE_AUTORELEASING = YES;
				CLANG_WARN_BOOL_CONVERSION = YES;
				CLANG_WARN_COMMA = YES;
				CLANG_WARN_CONSTANT_CONVERSION = YES;
				CLANG_WARN_DEPRECATED_OBJC_IMPLEMENTATIONS = YES;
				CLANG_WARN_DIRECT_OBJC_ISA_USAGE = YES_ERROR;
				CLANG_WARN_DOCUMENTATION_COMMENTS = YES;
				CLANG_WARN_EMPTY_BODY = YES;
				CLANG_WARN_ENUM_CONVERSION = YES;
				CLANG_WARN_INFINITE_RECURSION = YES;
				CLANG_WARN_INT_CONVERSION = YES;
				CLANG_WARN_NON_LITERAL_NULL_CONVERSION = YES;
				CLANG_WARN_OBJC_IMPLICIT_RETAIN_SELF = YES;
				CLANG_WARN_OBJC_LITERAL_CONVERSION = YES;
				CLANG_WARN_OBJC_ROOT_CLASS = YES_ERROR;
				CLANG_WARN_QUOTED_INCLUDE_IN_FRAMEWORK_HEADER = YES;
				CLANG_WARN_RANGE_LOOP_ANALYSIS = YES;
				CLANG_WARN_STRICT_PROTOTYPES = YES;
				CLANG_WARN_SUSPICIOUS_MOVE = YES;
				CLANG_WARN_UNGUARDED_AVAILABILITY = YES_AGGRESSIVE;
				CLANG_WARN_UNREACHABLE_CODE = YES;
				CLANG_WARN__DUPLICATE_METHOD_MATCH = YES;
				COPY_PHASE_STRIP = NO;
				DEBUG_INFORMATION_FORMAT = "dwarf-with-dsym";
				ENABLE_NS_ASSERTIONS = NO;
				ENABLE_STRICT_OBJC_MSGSEND = YES;
				GCC_C_LANGUAGE_STANDARD = gnu11;
				GCC_NO_COMMON_BLOCKS = YES;
				GCC_WARN_64_TO_32_BIT_CONVERSION = YES;
				GCC_WARN_ABOUT_RETURN_TYPE = YES_ERROR;
				GCC_WARN_UNDECLARED_SELECTOR = YES;
				GCC_WARN_UNINITIALIZED_AUTOS = YES_AGGRESSIVE;
				GCC_WARN_UNUSED_FUNCTION = YES;
				GCC_WARN_UNUSED_VARIABLE = YES;
				IPHONEOS_DEPLOYMENT_TARGET = 16.2;
				MTL_ENABLE_DEBUG_INFO = NO;
				MTL_FAST_MATH = YES;
				SDKROOT = iphoneos;
				SWIFT_COMPILATION_MODE = wholemodule;
				SWIFT_OPTIMIZATION_LEVEL = "-O";
				VALIDATE_PRODUCT = YES;
			};
			name = Release;
		};
		6F39D90C299F8C83002E3AE1 /* Debug */ = {
			isa = XCBuildConfiguration;
			buildSettings = {
				ASSETCATALOG_COMPILER_APPICON_NAME = AppIcon;
				ASSETCATALOG_COMPILER_GLOBAL_ACCENT_COLOR_NAME = AccentColor;
				CODE_SIGN_STYLE = Automatic;
				CURRENT_PROJECT_VERSION = 1;
				DEVELOPMENT_ASSET_PATHS = "\"madness/Preview Content\"";
				DEVELOPMENT_TEAM = 94BTTSD9XF;
				ENABLE_PREVIEWS = YES;
				GENERATE_INFOPLIST_FILE = YES;
				INFOPLIST_KEY_UIApplicationSceneManifest_Generation = YES;
				INFOPLIST_KEY_UIApplicationSupportsIndirectInputEvents = YES;
				INFOPLIST_KEY_UILaunchScreen_Generation = YES;
				INFOPLIST_KEY_UISupportedInterfaceOrientations_iPad = "UIInterfaceOrientationPortrait UIInterfaceOrientationPortraitUpsideDown UIInterfaceOrientationLandscapeLeft UIInterfaceOrientationLandscapeRight";
				INFOPLIST_KEY_UISupportedInterfaceOrientations_iPhone = "UIInterfaceOrientationPortrait UIInterfaceOrientationLandscapeLeft UIInterfaceOrientationLandscapeRight";
				LD_RUNPATH_SEARCH_PATHS = (
					"$(inherited)",
					"@executable_path/Frameworks",
				);
				MARKETING_VERSION = 1.0;
				PRODUCT_BUNDLE_IDENTIFIER = posterbook.madness;
				PRODUCT_NAME = "$(TARGET_NAME)";
				SWIFT_EMIT_LOC_STRINGS = YES;
				SWIFT_VERSION = 5.0;
				TARGETED_DEVICE_FAMILY = "1,2";
			};
			name = Debug;
		};
		6F39D90D299F8C83002E3AE1 /* Release */ = {
			isa = XCBuildConfiguration;
			buildSettings = {
				ASSETCATALOG_COMPILER_APPICON_NAME = AppIcon;
				ASSETCATALOG_COMPILER_GLOBAL_ACCENT_COLOR_NAME = AccentColor;
				CODE_SIGN_STYLE = Automatic;
				CURRENT_PROJECT_VERSION = 1;
				DEVELOPMENT_ASSET_PATHS = "\"madness/Preview Content\"";
				DEVELOPMENT_TEAM = 94BTTSD9XF;
				ENABLE_PREVIEWS = YES;
				GENERATE_INFOPLIST_FILE = YES;
				INFOPLIST_KEY_UIApplicationSceneManifest_Generation = YES;
				INFOPLIST_KEY_UIApplicationSupportsIndirectInputEvents = YES;
				INFOPLIST_KEY_UILaunchScreen_Generation = YES;
				INFOPLIST_KEY_UISupportedInterfaceOrientations_iPad = "UIInterfaceOrientationPortrait UIInterfaceOrientationPortraitUpsideDown UIInterfaceOrientationLandscapeLeft UIInterfaceOrientationLandscapeRight";
				INFOPLIST_KEY_UISupportedInterfaceOrientations_iPhone = "UIInterfaceOrientationPortrait UIInterfaceOrientationLandscapeLeft UIInterfaceOrientationLandscapeRight";
				LD_RUNPATH_SEARCH_PATHS = (
					"$(inherited)",
					"@executable_path/Frameworks",
				);
				MARKETING_VERSION = 1.0;
				PRODUCT_BUNDLE_IDENTIFIER = posterbook.madness;
				PRODUCT_NAME = "$(TARGET_NAME)";
				SWIFT_EMIT_LOC_STRINGS = YES;
				SWIFT_VERSION = 5.0;
				TARGETED_DEVICE_FAMILY = "1,2";
			};
			name = Release;
		};
		6F39D90F299F8C83002E3AE1 /* Debug */ = {
			isa = XCBuildConfiguration;
			buildSettings = {
				ALWAYS_EMBED_SWIFT_STANDARD_LIBRARIES = YES;
				BUNDLE_LOADER = "$(TEST_HOST)";
				CODE_SIGN_STYLE = Automatic;
				CURRENT_PROJECT_VERSION = 1;
				DEVELOPMENT_TEAM = 94BTTSD9XF;
				GENERATE_INFOPLIST_FILE = YES;
				IPHONEOS_DEPLOYMENT_TARGET = 16.2;
				MARKETING_VERSION = 1.0;
				PRODUCT_BUNDLE_IDENTIFIER = posterbook.madnessTests;
				PRODUCT_NAME = "$(TARGET_NAME)";
				SWIFT_EMIT_LOC_STRINGS = NO;
				SWIFT_VERSION = 5.0;
				TARGETED_DEVICE_FAMILY = "1,2";
				TEST_HOST = "$(BUILT_PRODUCTS_DIR)/madness.app/$(BUNDLE_EXECUTABLE_FOLDER_PATH)/madness";
			};
			name = Debug;
		};
		6F39D910299F8C83002E3AE1 /* Release */ = {
			isa = XCBuildConfiguration;
			buildSettings = {
				ALWAYS_EMBED_SWIFT_STANDARD_LIBRARIES = YES;
				BUNDLE_LOADER = "$(TEST_HOST)";
				CODE_SIGN_STYLE = Automatic;
				CURRENT_PROJECT_VERSION = 1;
				DEVELOPMENT_TEAM = 94BTTSD9XF;
				GENERATE_INFOPLIST_FILE = YES;
				IPHONEOS_DEPLOYMENT_TARGET = 16.2;
				MARKETING_VERSION = 1.0;
				PRODUCT_BUNDLE_IDENTIFIER = posterbook.madnessTests;
				PRODUCT_NAME = "$(TARGET_NAME)";
				SWIFT_EMIT_LOC_STRINGS = NO;
				SWIFT_VERSION = 5.0;
				TARGETED_DEVICE_FAMILY = "1,2";
				TEST_HOST = "$(BUILT_PRODUCTS_DIR)/madness.app/$(BUNDLE_EXECUTABLE_FOLDER_PATH)/madness";
			};
			name = Release;
		};
		6F39D912299F8C83002E3AE1 /* Debug */ = {
			isa = XCBuildConfiguration;
			buildSettings = {
				ALWAYS_EMBED_SWIFT_STANDARD_LIBRARIES = YES;
				CODE_SIGN_STYLE = Automatic;
				CURRENT_PROJECT_VERSION = 1;
				DEVELOPMENT_TEAM = 94BTTSD9XF;
				GENERATE_INFOPLIST_FILE = YES;
				MARKETING_VERSION = 1.0;
				PRODUCT_BUNDLE_IDENTIFIER = posterbook.madnessUITests;
				PRODUCT_NAME = "$(TARGET_NAME)";
				SWIFT_EMIT_LOC_STRINGS = NO;
				SWIFT_VERSION = 5.0;
				TARGETED_DEVICE_FAMILY = "1,2";
				TEST_TARGET_NAME = madness;
			};
			name = Debug;
		};
		6F39D913299F8C83002E3AE1 /* Release */ = {
			isa = XCBuildConfiguration;
			buildSettings = {
				ALWAYS_EMBED_SWIFT_STANDARD_LIBRARIES = YES;
				CODE_SIGN_STYLE = Automatic;
				CURRENT_PROJECT_VERSION = 1;
				DEVELOPMENT_TEAM = 94BTTSD9XF;
				GENERATE_INFOPLIST_FILE = YES;
				MARKETING_VERSION = 1.0;
				PRODUCT_BUNDLE_IDENTIFIER = posterbook.madnessUITests;
				PRODUCT_NAME = "$(TARGET_NAME)";
				SWIFT_EMIT_LOC_STRINGS = NO;
				SWIFT_VERSION = 5.0;
				TARGETED_DEVICE_FAMILY = "1,2";
				TEST_TARGET_NAME = madness;
			};
			name = Release;
		};
/* End XCBuildConfiguration section */

/* Begin XCConfigurationList section */
		6F39D8E2299F8C81002E3AE1 /* Build configuration list for PBXProject "madness" */ = {
			isa = XCConfigurationList;
			buildConfigurations = (
				6F39D909299F8C83002E3AE1 /* Debug */,
				6F39D90A299F8C83002E3AE1 /* Release */,
			);
			defaultConfigurationIsVisible = 0;
			defaultConfigurationName = Release;
		};
		6F39D90B299F8C83002E3AE1 /* Build configuration list for PBXNativeTarget "madness" */ = {
			isa = XCConfigurationList;
			buildConfigurations = (
				6F39D90C299F8C83002E3AE1 /* Debug */,
				6F39D90D299F8C83002E3AE1 /* Release */,
			);
			defaultConfigurationIsVisible = 0;
			defaultConfigurationName = Release;
		};
		6F39D90E299F8C83002E3AE1 /* Build configuration list for PBXNativeTarget "madnessTests" */ = {
			isa = XCConfigurationList;
			buildConfigurations = (
				6F39D90F299F8C83002E3AE1 /* Debug */,
				6F39D910299F8C83002E3AE1 /* Release */,
			);
			defaultConfigurationIsVisible = 0;
			defaultConfigurationName = Release;
		};
		6F39D911299F8C83002E3AE1 /* Build configuration list for PBXNativeTarget "madnessUITests" */ = {
			isa = XCConfigurationList;
			buildConfigurations = (
				6F39D912299F8C83002E3AE1 /* Debug */,
				6F39D913299F8C83002E3AE1 /* Release */,
			);
			defaultConfigurationIsVisible = 0;
			defaultConfigurationName = Release;
		};
/* End XCConfigurationList section */
	};
	rootObject = 6F39D8DF299F8C81002E3AE1 /* Project object */;
}
